
Microsoft Visual Studio Solution File, Format Version 12.00
# Visual Studio Version 17
VisualStudioVersion = 17.4.33103.184
MinimumVisualStudioVersion = 10.0.40219.1
Project("{9A19103F-16F7-4668-BE54-9A1E7A4F7556}") = "clojure.tools.analyzer.clr", "clojure.tools.analyzer.clr.csproj", "{179EE132-B8E0-4890-950D-BC15E9B9DEC1}"
EndProject
Global
	GlobalSection(SolutionConfigurationPlatforms) = preSolution
		Debug|Any CPU = Debug|Any CPU
		Release|Any CPU = Release|Any CPU
	EndGlobalSection
	GlobalSection(ProjectConfigurationPlatforms) = postSolution
		{179EE132-B8E0-4890-950D-BC15E9B9DEC1}.Debug|Any CPU.ActiveCfg = Debug|Any CPU
		{179EE132-B8E0-4890-950D-BC15E9B9DEC1}.Debug|Any CPU.Build.0 = Debug|Any CPU
		{179EE132-B8E0-4890-950D-BC15E9B9DEC1}.Release|Any CPU.ActiveCfg = Release|Any CPU
		{179EE132-B8E0-4890-950D-BC15E9B9DEC1}.Release|Any CPU.Build.0 = Release|Any CPU
	EndGlobalSection
	GlobalSection(SolutionProperties) = preSolution
		HideSolutionNode = FALSE
	EndGlobalSection
	GlobalSection(ExtensibilityGlobals) = postSolution
		SolutionGuid = {BF859108-C401-4F9D-A4F0-4448B2C6021E}
	EndGlobalSection
EndGlobal
